
Microsoft Visual Studio Solution File, Format Version 12.00
# Visual Studio Version 17
VisualStudioVersion = 17.7.34031.279
MinimumVisualStudioVersion = 10.0.40219.1
Project("{FAE04EC0-301F-11D3-BF4B-00C04F79EFBC}") = "IT481_M2", "IT481_M2\IT481_M2.csproj", "{28A7A120-AA6F-4DDE-A48C-A5B0CBED230F}"
EndProject
Global
	GlobalSection(SolutionConfigurationPlatforms) = preSolution
		Debug|Any CPU = Debug|Any CPU
		Release|Any CPU = Release|Any CPU
	EndGlobalSection
	GlobalSection(ProjectConfigurationPlatforms) = postSolution
		{28A7A120-AA6F-4DDE-A48C-A5B0CBED230F}.Debug|Any CPU.ActiveCfg = Debug|Any CPU
		{28A7A120-AA6F-4DDE-A48C-A5B0CBED230F}.Debug|Any CPU.Build.0 = Debug|Any CPU
		{28A7A120-AA6F-4DDE-A48C-A5B0CBED230F}.Release|Any CPU.ActiveCfg = Release|Any CPU
		{28A7A120-AA6F-4DDE-A48C-A5B0CBED230F}.Release|Any CPU.Build.0 = Release|Any CPU
	EndGlobalSection
	GlobalSection(SolutionProperties) = preSolution
		HideSolutionNode = FALSE
	EndGlobalSection
	GlobalSection(ExtensibilityGlobals) = postSolution
		SolutionGuid = {D891955C-9D7F-47AF-8973-972203F9B3FF}
	EndGlobalSection
EndGlobal
